
Microsoft Visual Studio Solution File, Format Version 12.00
# Visual Studio 15
VisualStudioVersion = 15.0.28010.2016
MinimumVisualStudioVersion = 10.0.40219.1
Project("{9A19103F-16F7-4668-BE54-9A1E7A4F7556}") = "NetCoreApp", "NetCoreApp.csproj", "{FE4258B8-26DB-4EF1-8A4C-C95517FF41E6}"
EndProject
Global
	GlobalSection(SolutionConfigurationPlatforms) = preSolution
		Debug|Any CPU = Debug|Any CPU
		Release|Any CPU = Release|Any CPU
	EndGlobalSection
	GlobalSection(ProjectConfigurationPlatforms) = postSolution
		{FE4258B8-26DB-4EF1-8A4C-C95517FF41E6}.Debug|Any CPU.ActiveCfg = Debug|Any CPU
		{FE4258B8-26DB-4EF1-8A4C-C95517FF41E6}.Debug|Any CPU.Build.0 = Debug|Any CPU
		{FE4258B8-26DB-4EF1-8A4C-C95517FF41E6}.Release|Any CPU.ActiveCfg = Release|Any CPU
		{FE4258B8-26DB-4EF1-8A4C-C95517FF41E6}.Release|Any CPU.Build.0 = Release|Any CPU
	EndGlobalSection
	GlobalSection(SolutionProperties) = preSolution
		HideSolutionNode = FALSE
	EndGlobalSection
	GlobalSection(ExtensibilityGlobals) = postSolution
		SolutionGuid = {09271984-26A7-410D-957C-0B94ADA9EE02}
	EndGlobalSection
EndGlobal
